// !$*UTF8*$!
{
	archiveVersion = 1;
	classes = {
	};
	objectVersion = 50;
	objects = {

/* Begin PBXBuildFile section */
		119EEDD780E5DACDB3F02CAF /* libPods-flixster.a in Frameworks */ = {isa = PBXBuildFile; fileRef = 098057020B5FA5262F192FC5 /* libPods-flixster.a */; };
		5D0BC8E120E409F3003EDE70 /* AppDelegate.m in Sources */ = {isa = PBXBuildFile; fileRef = 5D0BC8E020E409F3003EDE70 /* AppDelegate.m */; };
		5D0BC8E720E409F3003EDE70 /* Main.storyboard in Resources */ = {isa = PBXBuildFile; fileRef = 5D0BC8E520E409F3003EDE70 /* Main.storyboard */; };
		5D0BC8E920E409F4003EDE70 /* Assets.xcassets in Resources */ = {isa = PBXBuildFile; fileRef = 5D0BC8E820E409F4003EDE70 /* Assets.xcassets */; };
		5D0BC8EC20E409F4003EDE70 /* LaunchScreen.storyboard in Resources */ = {isa = PBXBuildFile; fileRef = 5D0BC8EA20E409F4003EDE70 /* LaunchScreen.storyboard */; };
		5D0BC8EF20E409F4003EDE70 /* main.m in Sources */ = {isa = PBXBuildFile; fileRef = 5D0BC8EE20E409F4003EDE70 /* main.m */; };
		5D7B379420E411A60041FCE6 /* MoviesViewController.m in Sources */ = {isa = PBXBuildFile; fileRef = 5D7B379320E411A60041FCE6 /* MoviesViewController.m */; };
		5D7B379720E451EC0041FCE6 /* MovieCell.m in Sources */ = {isa = PBXBuildFile; fileRef = 5D7B379620E451EC0041FCE6 /* MovieCell.m */; };
		5D9B14EE20E4633C009E5FBE /* DetailViewController.m in Sources */ = {isa = PBXBuildFile; fileRef = 5D9B14ED20E4633C009E5FBE /* DetailViewController.m */; };
		5D9B14F120E57FC7009E5FBE /* MoviesGridViewController.m in Sources */ = {isa = PBXBuildFile; fileRef = 5D9B14F020E57FC7009E5FBE /* MoviesGridViewController.m */; };
		5D9B14F720E58473009E5FBE /* MovieGridCell.m in Sources */ = {isa = PBXBuildFile; fileRef = 5D9B14F620E58473009E5FBE /* MovieGridCell.m */; };
/* End PBXBuildFile section */

/* Begin PBXFileReference section */
		098057020B5FA5262F192FC5 /* libPods-flixster.a */ = {isa = PBXFileReference; explicitFileType = archive.ar; includeInIndex = 0; path = "libPods-flixster.a"; sourceTree = BUILT_PRODUCTS_DIR; };
		5D0BC8DC20E409F3003EDE70 /* flixster.app */ = {isa = PBXFileReference; explicitFileType = wrapper.application; includeInIndex = 0; path = flixster.app; sourceTree = BUILT_PRODUCTS_DIR; };
		5D0BC8DF20E409F3003EDE70 /* AppDelegate.h */ = {isa = PBXFileReference; lastKnownFileType = sourcecode.c.h; path = AppDelegate.h; sourceTree = "<group>"; };
		5D0BC8E020E409F3003EDE70 /* AppDelegate.m */ = {isa = PBXFileReference; lastKnownFileType = sourcecode.c.objc; path = AppDelegate.m; sourceTree = "<group>"; };
		5D0BC8E620E409F3003EDE70 /* Base */ = {isa = PBXFileReference; lastKnownFileType = file.storyboard; name = Base; path = Base.lproj/Main.storyboard; sourceTree = "<group>"; };
		5D0BC8E820E409F4003EDE70 /* Assets.xcassets */ = {isa = PBXFileReference; lastKnownFileType = folder.assetcatalog; path = Assets.xcassets; sourceTree = "<group>"; };
		5D0BC8EB20E409F4003EDE70 /* Base */ = {isa = PBXFileReference; lastKnownFileType = file.storyboard; name = Base; path = Base.lproj/LaunchScreen.storyboard; sourceTree = "<group>"; };
		5D0BC8ED20E409F4003EDE70 /* Info.plist */ = {isa = PBXFileReference; lastKnownFileType = text.plist.xml; path = Info.plist; sourceTree = "<group>"; };
		5D0BC8EE20E409F4003EDE70 /* main.m */ = {isa = PBXFileReference; lastKnownFileType = sourcecode.c.objc; path = main.m; sourceTree = "<group>"; };
		5D7B379220E411A60041FCE6 /* MoviesViewController.h */ = {isa = PBXFileReference; lastKnownFileType = sourcecode.c.h; path = MoviesViewController.h; sourceTree = "<group>"; };
		5D7B379320E411A60041FCE6 /* MoviesViewController.m */ = {isa = PBXFileReference; lastKnownFileType = sourcecode.c.objc; path = MoviesViewController.m; sourceTree = "<group>"; };
		5D7B379520E451EC0041FCE6 /* MovieCell.h */ = {isa = PBXFileReference; lastKnownFileType = sourcecode.c.h; path = MovieCell.h; sourceTree = "<group>"; };
		5D7B379620E451EC0041FCE6 /* MovieCell.m */ = {isa = PBXFileReference; lastKnownFileType = sourcecode.c.objc; path = MovieCell.m; sourceTree = "<group>"; };
		5D9B14EC20E4633C009E5FBE /* DetailViewController.h */ = {isa = PBXFileReference; lastKnownFileType = sourcecode.c.h; path = DetailViewController.h; sourceTree = "<group>"; };
		5D9B14ED20E4633C009E5FBE /* DetailViewController.m */ = {isa = PBXFileReference; lastKnownFileType = sourcecode.c.objc; path = DetailViewController.m; sourceTree = "<group>"; };
		5D9B14EF20E57FC7009E5FBE /* MoviesGridViewController.h */ = {isa = PBXFileReference; lastKnownFileType = sourcecode.c.h; path = MoviesGridViewController.h; sourceTree = "<group>"; };
		5D9B14F020E57FC7009E5FBE /* MoviesGridViewController.m */ = {isa = PBXFileReference; lastKnownFileType = sourcecode.c.objc; path = MoviesGridViewController.m; sourceTree = "<group>"; };
		5D9B14F520E58473009E5FBE /* MovieGridCell.h */ = {isa = PBXFileReference; lastKnownFileType = sourcecode.c.h; path = MovieGridCell.h; sourceTree = "<group>"; };
		5D9B14F620E58473009E5FBE /* MovieGridCell.m */ = {isa = PBXFileReference; lastKnownFileType = sourcecode.c.objc; path = MovieGridCell.m; sourceTree = "<group>"; };
		B5CA6B95E706F11479AEBAE2 /* Pods-flixster.debug.xcconfig */ = {isa = PBXFileReference; includeInIndex = 1; lastKnownFileType = text.xcconfig; name = "Pods-flixster.debug.xcconfig"; path = "Pods/Target Support Files/Pods-flixster/Pods-flixster.debug.xcconfig"; sourceTree = "<group>"; };
		D9A9201D015A71C92AF6D598 /* Pods-flixster.release.xcconfig */ = {isa = PBXFileReference; includeInIndex = 1; lastKnownFileType = text.xcconfig; name = "Pods-flixster.release.xcconfig"; path = "Pods/Target Support Files/Pods-flixster/Pods-flixster.release.xcconfig"; sourceTree = "<group>"; };
/* End PBXFileReference section */

/* Begin PBXFrameworksBuildPhase section */
		5D0BC8D920E409F3003EDE70 /* Frameworks */ = {
			isa = PBXFrameworksBuildPhase;
			buildActionMask = 2147483647;
			files = (
				119EEDD780E5DACDB3F02CAF /* libPods-flixster.a in Frameworks */,
			);
			runOnlyForDeploymentPostprocessing = 0;
		};
/* End PBXFrameworksBuildPhase section */

/* Begin PBXGroup section */
		5D0BC8D320E409F3003EDE70 = {
			isa = PBXGroup;
			children = (
				5D0BC8DE20E409F3003EDE70 /* flixster */,
				5D0BC8DD20E409F3003EDE70 /* Products */,
				AFF62B27711CFB4A79626DB6 /* Pods */,
				A8DDEAADA0A55B8B6DAE334C /* Frameworks */,
			);
			sourceTree = "<group>";
		};
		5D0BC8DD20E409F3003EDE70 /* Products */ = {
			isa = PBXGroup;
			children = (
				5D0BC8DC20E409F3003EDE70 /* flixster.app */,
			);
			name = Products;
			sourceTree = "<group>";
		};
		5D0BC8DE20E409F3003EDE70 /* flixster */ = {
			isa = PBXGroup;
			children = (
				5D0BC8DF20E409F3003EDE70 /* AppDelegate.h */,
				5D0BC8E020E409F3003EDE70 /* AppDelegate.m */,
				5D0BC8E520E409F3003EDE70 /* Main.storyboard */,
				5D0BC8E820E409F4003EDE70 /* Assets.xcassets */,
				5D0BC8EA20E409F4003EDE70 /* LaunchScreen.storyboard */,
				5D0BC8ED20E409F4003EDE70 /* Info.plist */,
				5D0BC8EE20E409F4003EDE70 /* main.m */,
				5D7B379220E411A60041FCE6 /* MoviesViewController.h */,
				5D7B379320E411A60041FCE6 /* MoviesViewController.m */,
				5D7B379520E451EC0041FCE6 /* MovieCell.h */,
				5D7B379620E451EC0041FCE6 /* MovieCell.m */,
				5D9B14EC20E4633C009E5FBE /* DetailViewController.h */,
				5D9B14ED20E4633C009E5FBE /* DetailViewController.m */,
				5D9B14EF20E57FC7009E5FBE /* MoviesGridViewController.h */,
				5D9B14F020E57FC7009E5FBE /* MoviesGridViewController.m */,
				5D9B14F520E58473009E5FBE /* MovieGridCell.h */,
				5D9B14F620E58473009E5FBE /* MovieGridCell.m */,
			);
			path = flixster;
			sourceTree = "<group>";
		};
		A8DDEAADA0A55B8B6DAE334C /* Frameworks */ = {
			isa = PBXGroup;
			children = (
				098057020B5FA5262F192FC5 /* libPods-flixster.a */,
			);
			name = Frameworks;
			sourceTree = "<group>";
		};
		AFF62B27711CFB4A79626DB6 /* Pods */ = {
			isa = PBXGroup;
			children = (
				B5CA6B95E706F11479AEBAE2 /* Pods-flixster.debug.xcconfig */,
				D9A9201D015A71C92AF6D598 /* Pods-flixster.release.xcconfig */,
			);
			name = Pods;
			sourceTree = "<group>";
		};
/* End PBXGroup section */

/* Begin PBXNativeTarget section */
		5D0BC8DB20E409F3003EDE70 /* flixster */ = {
			isa = PBXNativeTarget;
			buildConfigurationList = 5D0BC8F220E409F4003EDE70 /* Build configuration list for PBXNativeTarget "flixster" */;
			buildPhases = (
				8A3D9D66AA71BF49FEC2F76D /* [CP] Check Pods Manifest.lock */,
				5D0BC8D820E409F3003EDE70 /* Sources */,
				5D0BC8D920E409F3003EDE70 /* Frameworks */,
				5D0BC8DA20E409F3003EDE70 /* Resources */,
			);
			buildRules = (
			);
			dependencies = (
			);
			name = flixster;
			productName = flixster;
			productReference = 5D0BC8DC20E409F3003EDE70 /* flixster.app */;
			productType = "com.apple.product-type.application";
		};
/* End PBXNativeTarget section */

/* Begin PBXProject section */
		5D0BC8D420E409F3003EDE70 /* Project object */ = {
			isa = PBXProject;
			attributes = {
				LastUpgradeCheck = 0940;
				ORGANIZATIONNAME = "Haley Zeng";
				TargetAttributes = {
					5D0BC8DB20E409F3003EDE70 = {
						CreatedOnToolsVersion = 9.4.1;
					};
				};
			};
			buildConfigurationList = 5D0BC8D720E409F3003EDE70 /* Build configuration list for PBXProject "flixster" */;
			compatibilityVersion = "Xcode 9.3";
			developmentRegion = en;
			hasScannedForEncodings = 0;
			knownRegions = (
				en,
				Base,
			);
			mainGroup = 5D0BC8D320E409F3003EDE70;
			productRefGroup = 5D0BC8DD20E409F3003EDE70 /* Products */;
			projectDirPath = "";
			projectRoot = "";
			targets = (
				5D0BC8DB20E409F3003EDE70 /* flixster */,
			);
		};
/* End PBXProject section */

/* Begin PBXResourcesBuildPhase section */
		5D0BC8DA20E409F3003EDE70 /* Resources */ = {
			isa = PBXResourcesBuildPhase;
			buildActionMask = 2147483647;
			files = (
				5D0BC8EC20E409F4003EDE70 /* LaunchScreen.storyboard in Resources */,
				5D0BC8E920E409F4003EDE70 /* Assets.xcassets in Resources */,
				5D0BC8E720E409F3003EDE70 /* Main.storyboard in Resources */,
			);
			runOnlyForDeploymentPostprocessing = 0;
		};
/* End PBXResourcesBuildPhase section */

/* Begin PBXShellScriptBuildPhase section */
		8A3D9D66AA71BF49FEC2F76D /* [CP] Check Pods Manifest.lock */ = {
			isa = PBXShellScriptBuildPhase;
			buildActionMask = 2147483647;
			files = (
			);
			inputPaths = (
				"${PODS_PODFILE_DIR_PATH}/Podfile.lock",
				"${PODS_ROOT}/Manifest.lock",
			);
			name = "[CP] Check Pods Manifest.lock";
			outputPaths = (
				"$(DERIVED_FILE_DIR)/Pods-flixster-checkManifestLockResult.txt",
			);
			runOnlyForDeploymentPostprocessing = 0;
			shellPath = /bin/sh;
			shellScript = "diff \"${PODS_PODFILE_DIR_PATH}/Podfile.lock\" \"${PODS_ROOT}/Manifest.lock\" > /dev/null\nif [ $? != 0 ] ; then\n    # print error to STDERR\n    echo \"error: The sandbox is not in sync with the Podfile.lock. Run 'pod install' or update your CocoaPods installation.\" >&2\n    exit 1\nfi\n# This output is used by Xcode 'outputs' to avoid re-running this script phase.\necho \"SUCCESS\" > \"${SCRIPT_OUTPUT_FILE_0}\"\n";
			showEnvVarsInLog = 0;
		};
/* End PBXShellScriptBuildPhase section */

/* Begin PBXSourcesBuildPhase section */
		5D0BC8D820E409F3003EDE70 /* Sources */ = {
			isa = PBXSourcesBuildPhase;
			buildActionMask = 2147483647;
			files = (
				5D9B14EE20E4633C009E5FBE /* DetailViewController.m in Sources */,
				5D0BC8EF20E409F4003EDE70 /* main.m in Sources */,
				5D0BC8E120E409F3003EDE70 /* AppDelegate.m in Sources */,
				5D9B14F720E58473009E5FBE /* MovieGridCell.m in Sources */,
				5D7B379720E451EC0041FCE6 /* MovieCell.m in Sources */,
				5D7B379420E411A60041FCE6 /* MoviesViewController.m in Sources */,
				5D9B14F120E57FC7009E5FBE /* MoviesGridViewController.m in Sources */,
			);
			runOnlyForDeploymentPostprocessing = 0;
		};
/* End PBXSourcesBuildPhase section */

/* Begin PBXVariantGroup section */
		5D0BC8E520E409F3003EDE70 /* Main.storyboard */ = {
			isa = PBXVariantGroup;
			children = (
				5D0BC8E620E409F3003EDE70 /* Base */,
			);
			name = Main.storyboard;
			sourceTree = "<group>";
		};
		5D0BC8EA20E409F4003EDE70 /* LaunchScreen.storyboard */ = {
			isa = PBXVariantGroup;
			children = (
				5D0BC8EB20E409F4003EDE70 /* Base */,
			);
			name = LaunchScreen.storyboard;
			sourceTree = "<group>";
		};
/* End PBXVariantGroup section */

/* Begin XCBuildConfiguration section */
		5D0BC8F020E409F4003EDE70 /* Debug */ = {
			isa = XCBuildConfiguration;
			buildSettings = {
				ALWAYS_SEARCH_USER_PATHS = NO;
				CLANG_ANALYZER_NONNULL = YES;
				CLANG_ANALYZER_NUMBER_OBJECT_CONVERSION = YES_AGGRESSIVE;
				CLANG_CXX_LANGUAGE_STANDARD = "gnu++14";
				CLANG_CXX_LIBRARY = "libc++";
				CLANG_ENABLE_MODULES = YES;
				CLANG_ENABLE_OBJC_ARC = YES;
				CLANG_ENABLE_OBJC_WEAK = YES;
				CLANG_WARN_BLOCK_CAPTURE_AUTORELEASING = YES;
				CLANG_WARN_BOOL_CONVERSION = YES;
				CLANG_WARN_COMMA = YES;
				CLANG_WARN_CONSTANT_CONVERSION = YES;
				CLANG_WARN_DEPRECATED_OBJC_IMPLEMENTATIONS = YES;
				CLANG_WARN_DIRECT_OBJC_ISA_USAGE = YES_ERROR;
				CLANG_WARN_DOCUMENTATION_COMMENTS = YES;
				CLANG_WARN_EMPTY_BODY = YES;
				CLANG_WARN_ENUM_CONVERSION = YES;
				CLANG_WARN_INFINITE_RECURSION = YES;
				CLANG_WARN_INT_CONVERSION = YES;
				CLANG_WARN_NON_LITERAL_NULL_CONVERSION = YES;
				CLANG_WARN_OBJC_IMPLICIT_RETAIN_SELF = YES;
				CLANG_WARN_OBJC_LITERAL_CONVERSION = YES;
				CLANG_WARN_OBJC_ROOT_CLASS = YES_ERROR;
				CLANG_WARN_RANGE_LOOP_ANALYSIS = YES;
				CLANG_WARN_STRICT_PROTOTYPES = YES;
				CLANG_WARN_SUSPICIOUS_MOVE = YES;
				CLANG_WARN_UNGUARDED_AVAILABILITY = YES_AGGRESSIVE;
				CLANG_WARN_UNREACHABLE_CODE = YES;
				CLANG_WARN__DUPLICATE_METHOD_MATCH = YES;
				CODE_SIGN_IDENTITY = "iPhone Developer";
				COPY_PHASE_STRIP = NO;
				DEBUG_INFORMATION_FORMAT = dwarf;
				ENABLE_STRICT_OBJC_MSGSEND = YES;
				ENABLE_TESTABILITY = YES;
				GCC_C_LANGUAGE_STANDARD = gnu11;
				GCC_DYNAMIC_NO_PIC = NO;
				GCC_NO_COMMON_BLOCKS = YES;
				GCC_OPTIMIZATION_LEVEL = 0;
				GCC_PREPROCESSOR_DEFINITIONS = (
					"DEBUG=1",
					"$(inherited)",
				);
				GCC_WARN_64_TO_32_BIT_CONVERSION = YES;
				GCC_WARN_ABOUT_RETURN_TYPE = YES_ERROR;
				GCC_WARN_UNDECLARED_SELECTOR = YES;
				GCC_WARN_UNINITIALIZED_AUTOS = YES_AGGRESSIVE;
				GCC_WARN_UNUSED_FUNCTION = YES;
				GCC_WARN_UNUSED_VARIABLE = YES;
				IPHONEOS_DEPLOYMENT_TARGET = 11.4;
				MTL_ENABLE_DEBUG_INFO = YES;
				ONLY_ACTIVE_ARCH = YES;
				SDKROOT = iphoneos;
			};
			name = Debug;
		};
		5D0BC8F120E409F4003EDE70 /* Release */ = {
			isa = XCBuildConfiguration;
			buildSettings = {
				ALWAYS_SEARCH_USER_PATHS = NO;
				CLANG_ANALYZER_NONNULL = YES;
				CLANG_ANALYZER_NUMBER_OBJECT_CONVERSION = YES_AGGRESSIVE;
				CLANG_CXX_LANGUAGE_STANDARD = "gnu++14";
				CLANG_CXX_LIBRARY = "libc++";
				CLANG_ENABLE_MODULES = YES;
				CLANG_ENABLE_OBJC_ARC = YES;
				CLANG_ENABLE_OBJC_WEAK = YES;
				CLANG_WARN_BLOCK_CAPTURE_AUTORELEASING = YES;
				CLANG_WARN_BOOL_CONVERSION = YES;
				CLANG_WARN_COMMA = YES;
				CLANG_WARN_CONSTANT_CONVERSION = YES;
				CLANG_WARN_DEPRECATED_OBJC_IMPLEMENTATIONS = YES;
				CLANG_WARN_DIRECT_OBJC_ISA_USAGE = YES_ERROR;
				CLANG_WARN_DOCUMENTATION_COMMENTS = YES;
				CLANG_WARN_EMPTY_BODY = YES;
				CLANG_WARN_ENUM_CONVERSION = YES;
				CLANG_WARN_INFINITE_RECURSION = YES;
				CLANG_WARN_INT_CONVERSION = YES;
				CLANG_WARN_NON_LITERAL_NULL_CONVERSION = YES;
				CLANG_WARN_OBJC_IMPLICIT_RETAIN_SELF = YES;
				CLANG_WARN_OBJC_LITERAL_CONVERSION = YES;
				CLANG_WARN_OBJC_ROOT_CLASS = YES_ERROR;
				CLANG_WARN_RANGE_LOOP_ANALYSIS = YES;
				CLANG_WARN_STRICT_PROTOTYPES = YES;
				CLANG_WARN_SUSPICIOUS_MOVE = YES;
				CLANG_WARN_UNGUARDED_AVAILABILITY = YES_AGGRESSIVE;
				CLANG_WARN_UNREACHABLE_CODE = YES;
				CLANG_WARN__DUPLICATE_METHOD_MATCH = YES;
				CODE_SIGN_IDENTITY = "iPhone Developer";
				COPY_PHASE_STRIP = NO;
				DEBUG_INFORMATION_FORMAT = "dwarf-with-dsym";
				ENABLE_NS_ASSERTIONS = NO;
				ENABLE_STRICT_OBJC_MSGSEND = YES;
				GCC_C_LANGUAGE_STANDARD = gnu11;
				GCC_NO_COMMON_BLOCKS = YES;
				GCC_WARN_64_TO_32_BIT_CONVERSION = YES;
				GCC_WARN_ABOUT_RETURN_TYPE = YES_ERROR;
				GCC_WARN_UNDECLARED_SELECTOR = YES;
				GCC_WARN_UNINITIALIZED_AUTOS = YES_AGGRESSIVE;
				GCC_WARN_UNUSED_FUNCTION = YES;
				GCC_WARN_UNUSED_VARIABLE = YES;
				IPHONEOS_DEPLOYMENT_TARGET = 11.4;
				MTL_ENABLE_DEBUG_INFO = NO;
				SDKROOT = iphoneos;
				VALIDATE_PRODUCT = YES;
			};
			name = Release;
		};
		5D0BC8F320E409F4003EDE70 /* Debug */ = {
			isa = XCBuildConfiguration;
			baseConfigurationReference = B5CA6B95E706F11479AEBAE2 /* Pods-flixster.debug.xcconfig */;
			buildSettings = {
				ASSETCATALOG_COMPILER_APPICON_NAME = AppIcon;
				CODE_SIGN_STYLE = Automatic;
				DEVELOPMENT_TEAM = QG5695H4LD;
				INFOPLIST_FILE = flixster/Info.plist;
				LD_RUNPATH_SEARCH_PATHS = (
					"$(inherited)",
					"@executable_path/Frameworks",
				);
				PRODUCT_BUNDLE_IDENTIFIER = haleyzeng.flixster;
				PRODUCT_NAME = "$(TARGET_NAME)";
				TARGETED_DEVICE_FAMILY = "1,2";
			};
			name = Debug;
		};
		5D0BC8F420E409F4003EDE70 /* Release */ = {
			isa = XCBuildConfiguration;
			baseConfigurationReference = D9A9201D015A71C92AF6D598 /* Pods-flixster.release.xcconfig */;
			buildSettings = {
				ASSETCATALOG_COMPILER_APPICON_NAME = AppIcon;
				CODE_SIGN_STYLE = Automatic;
				DEVELOPMENT_TEAM = QG5695H4LD;
				INFOPLIST_FILE = flixster/Info.plist;
				LD_RUNPATH_SEARCH_PATHS = (
					"$(inherited)",
					"@executable_path/Frameworks",
				);
				PRODUCT_BUNDLE_IDENTIFIER = haleyzeng.flixster;
				PRODUCT_NAME = "$(TARGET_NAME)";
				TARGETED_DEVICE_FAMILY = "1,2";
			};
			name = Release;
		};
/* End XCBuildConfiguration section */

/* Begin XCConfigurationList section */
		5D0BC8D720E409F3003EDE70 /* Build configuration list for PBXProject "flixster" */ = {
			isa = XCConfigurationList;
			buildConfigurations = (
				5D0BC8F020E409F4003EDE70 /* Debug */,
				5D0BC8F120E409F4003EDE70 /* Release */,
			);
			defaultConfigurationIsVisible = 0;
			defaultConfigurationName = Release;
		};
		5D0BC8F220E409F4003EDE70 /* Build configuration list for PBXNativeTarget "flixster" */ = {
			isa = XCConfigurationList;
			buildConfigurations = (
				5D0BC8F320E409F4003EDE70 /* Debug */,
				5D0BC8F420E409F4003EDE70 /* Release */,
			);
			defaultConfigurationIsVisible = 0;
			defaultConfigurationName = Release;
		};
/* End XCConfigurationList section */
	};
	rootObject = 5D0BC8D420E409F3003EDE70 /* Project object */;
}
